# This file is automatically @generated by Cargo.
# It is not intended for manual editing.
version = 4

[[package]]
name = "cargo-fe2o3"
version = "0.1.0"

[[package]]
name = "dialect-amdgcn"
version = "0.1.0"

[[package]]
name = "dialect-mir"
version = "0.1.0"

[[package]]
name = "fe2o3-add-inplace"
version = "0.1.0"
dependencies = [
 "fe2o3-core",
 "fe2o3-device",
 "fe2o3-host",
]

[[package]]
name = "fe2o3-axpy-inplace"
version = "0.1.0"
dependencies = [
 "fe2o3-core",
 "fe2o3-device",
 "fe2o3-host",
]

[[package]]
name = "fe2o3-copy"
version = "0.1.0"
dependencies = [
 "fe2o3-core",
 "fe2o3-device",
 "fe2o3-host",
]

[[package]]
name = "fe2o3-core"
version = "0.1.0"
dependencies = [
 "fe2o3-hip-sys",
]

[[package]]
name = "fe2o3-device"
version = "0.1.0"
dependencies = [
 "fe2o3-macros",
]

[[package]]
name = "fe2o3-downsample"
version = "0.1.0"
dependencies = [
 "fe2o3-core",
 "fe2o3-device",
 "fe2o3-host",
]

[[package]]
name = "fe2o3-fill"
version = "0.1.0"
dependencies = [
 "fe2o3-core",
 "fe2o3-device",
 "fe2o3-host",
]

[[package]]
name = "fe2o3-gather-odd"
version = "0.1.0"
dependencies = [
 "fe2o3-core",
 "fe2o3-device",
 "fe2o3-host",
]

[[package]]
name = "fe2o3-hip-sys"
version = "0.1.0"

[[package]]
name = "fe2o3-host"
version = "0.1.0"
dependencies = [
 "fe2o3-core",
]

[[package]]
name = "fe2o3-macros"
version = "0.1.0"
dependencies = [
 "proc-macro2",
 "quote",
 "reserved-fe2o3-symbols",
 "syn",
]

[[package]]
name = "fe2o3-negate"
version = "0.1.0"
dependencies = [
 "fe2o3-core",
 "fe2o3-device",
 "fe2o3-host",
]

[[package]]
name = "fe2o3-normalize"
version = "0.1.0"
dependencies = [
 "fe2o3-core",
 "fe2o3-device",
 "fe2o3-host",
]

[[package]]
name = "fe2o3-pipeline"
version = "0.1.0"
dependencies = [
 "fe2o3-core",
 "fe2o3-device",
 "fe2o3-host",
]

[[package]]
name = "fe2o3-previous"
version = "0.1.0"
dependencies = [
 "fe2o3-core",
 "fe2o3-device",
 "fe2o3-host",
]

[[package]]
name = "fe2o3-raw-add-index"
version = "0.1.0"
dependencies = [
 "fe2o3-core",
 "fe2o3-device",
 "fe2o3-host",
]

[[package]]
name = "fe2o3-raw-const-minus"
version = "0.1.0"
dependencies = [
 "fe2o3-core",
 "fe2o3-device",
 "fe2o3-host",
]

[[package]]
name = "fe2o3-raw-disjoint-inplace-shift"
version = "0.1.0"
dependencies = [
 "fe2o3-core",
 "fe2o3-device",
 "fe2o3-host",
]

[[package]]
name = "fe2o3-raw-disjoint-shift"
version = "0.1.0"
dependencies = [
 "fe2o3-core",
 "fe2o3-device",
 "fe2o3-host",
]

[[package]]
name = "fe2o3-raw-gather"
version = "0.1.0"
dependencies = [
 "fe2o3-core",
 "fe2o3-device",
 "fe2o3-host",
]

[[package]]
name = "fe2o3-raw-neighbors"
version = "0.1.0"
dependencies = [
 "fe2o3-core",
 "fe2o3-device",
 "fe2o3-host",
]

[[package]]
name = "fe2o3-raw-output-shift"
version = "0.1.0"
dependencies = [
 "fe2o3-core",
 "fe2o3-device",
 "fe2o3-host",
]

[[package]]
name = "fe2o3-raw-parenthesized-sub"
version = "0.1.0"
dependencies = [
 "fe2o3-core",
 "fe2o3-device",
 "fe2o3-host",
]

[[package]]
name = "fe2o3-saxpy"
version = "0.1.0"
dependencies = [
 "fe2o3-core",
 "fe2o3-device",
 "fe2o3-host",
]

[[package]]
name = "fe2o3-scale"
version = "0.1.0"
dependencies = [
 "fe2o3-core",
 "fe2o3-device",
 "fe2o3-host",
]

[[package]]
name = "fe2o3-shift"
version = "0.1.0"
dependencies = [
 "fe2o3-core",
 "fe2o3-device",
 "fe2o3-host",
]

[[package]]
name = "fe2o3-stencil"
version = "0.1.0"
dependencies = [
 "fe2o3-core",
 "fe2o3-device",
 "fe2o3-host",
]

[[package]]
name = "fe2o3-vecadd"
version = "0.1.0"
dependencies = [
 "fe2o3-core",
 "fe2o3-device",
 "fe2o3-host",
]

[[package]]
name = "fe2o3-vecadd-f64"
version = "0.1.0"
dependencies = [
 "fe2o3-core",
 "fe2o3-device",
 "fe2o3-host",
]

[[package]]
name = "proc-macro2"
version = "1.0.106"
source = "registry+https://github.com/rust-lang/crates.io-index"
checksum = "8fd00f0bb2e90d81d1044c2b32617f68fcb9fa3bb7640c23e9c748e53fb30934"
dependencies = [
 "unicode-ident",
]

[[package]]
name = "quote"
version = "1.0.45"
source = "registry+https://github.com/rust-lang/crates.io-index"
checksum = "41f2619966050689382d2b44f664f4bc593e129785a36d6ee376ddf37259b924"
dependencies = [
 "proc-macro2",
]

[[package]]
name = "reserved-fe2o3-symbols"
version = "0.1.0"

[[package]]
name = "rustc-codegen-fe2o3"
version = "0.1.0"
dependencies = [
 "dialect-amdgcn",
 "dialect-mir",
 "reserved-fe2o3-symbols",
]

[[package]]
name = "syn"
version = "2.0.117"
source = "registry+https://github.com/rust-lang/crates.io-index"
checksum = "e665b8803e7b1d2a727f4023456bbbbe74da67099c585258af0ad9c5013b9b99"
dependencies = [
 "proc-macro2",
 "quote",
 "unicode-ident",
]

[[package]]
name = "unicode-ident"
version = "1.0.24"
source = "registry+https://github.com/rust-lang/crates.io-index"
checksum = "e6e4313cd5fcd3dad5cafa179702e2b244f760991f45397d14d4ebf38247da75"
