# This file is automatically @generated by Cargo.
# It is not intended for manual editing.
version = 4

[[package]]
name = "aho-corasick"
version = "1.1.5"
source = "registry+https://github.com/rust-lang/crates.io-index"
checksum = "c982642fa9e8606056828ee9a8505737230110bb1099153c79efe865c59d12ba"
dependencies = [
 "memchr",
]

[[package]]
name = "allocator-api2"
version = "0.2.21"
source = "registry+https://github.com/rust-lang/crates.io-index"
checksum = "683d7910e743518b0e34f1186f92494becacb047c7b6bf616c96772180fef923"

[[package]]
name = "arrayvec"
version = "0.7.8"
source = "registry+https://github.com/rust-lang/crates.io-index"
checksum = "d3fb67a6e08acf24fdeccbac2cb6ac4305825bd1f117462e0e6f2f193345ad56"

[[package]]
name = "awint"
version = "0.18.1"
source = "registry+https://github.com/rust-lang/crates.io-index"
checksum = "d48b7360a36d335663e8f20b7f439029debf52b5a0a749d6e936405f25045288"
dependencies = [
 "awint_core",
 "awint_dag",
 "awint_ext",
 "awint_macro_internals",
 "awint_macros",
]

[[package]]
name = "awint_core"
version = "0.18.1"
source = "registry+https://github.com/rust-lang/crates.io-index"
checksum = "f8280079e78217ace721501f35dbf551dadf0ab63863504169316cea1bbac872"
dependencies = [
 "awint_internals",
 "const_fn",
]

[[package]]
name = "awint_dag"
version = "0.18.1"
source = "registry+https://github.com/rust-lang/crates.io-index"
checksum = "73977ba1786a5e127272f08b865b60f5d548576a0925de1daa5703cc9ba78a8d"
dependencies = [
 "awint_ext",
 "awint_macro_internals",
 "awint_macros",
 "smallvec",
]

[[package]]
name = "awint_ext"
version = "0.18.1"
source = "registry+https://github.com/rust-lang/crates.io-index"
checksum = "ef1b30d3640d9f94dd9f55f655773c5238c11be6f95ab36d24308b7ae34c9bbc"
dependencies = [
 "awint_core",
 "const_fn",
]

[[package]]
name = "awint_internals"
version = "0.18.1"
source = "registry+https://github.com/rust-lang/crates.io-index"
checksum = "173937e3f4e233d93362fc1e28ab23808cb31671a1923033706cb44ed4e5d10c"
dependencies = [
 "const_fn",
]

[[package]]
name = "awint_macro_internals"
version = "0.18.1"
source = "registry+https://github.com/rust-lang/crates.io-index"
checksum = "d2c6a23f64f14c3b566c2c04124015f78c5fb93e8275a6574e0118747ee60de6"
dependencies = [
 "awint_ext",
 "proc-macro2",
 "triple_arena",
]

[[package]]
name = "awint_macros"
version = "0.18.1"
source = "registry+https://github.com/rust-lang/crates.io-index"
checksum = "16e50a2862c6002a424fc9bb4982ec33ab679cb4ad04a174e2a52c2ecc3ea4c7"
dependencies = [
 "awint_internals",
 "awint_macro_internals",
]

[[package]]
name = "bitflags"
version = "2.13.1"
source = "registry+https://github.com/rust-lang/crates.io-index"
checksum = "b588b76d00fde79687d7646a9b5bdf3cc0f655e0bbd080335a95d7e96f3587da"

[[package]]
name = "block-buffer"
version = "0.12.1"
source = "registry+https://github.com/rust-lang/crates.io-index"
checksum = "d2f6c7dbe95a6ed67ad9f18e57daf93a2f034c524b99fd2b76d18fdfeb6660aa"
dependencies = [
 "hybrid-array",
]

[[package]]
name = "bytemuck"
version = "1.25.2"
source = "registry+https://github.com/rust-lang/crates.io-index"
checksum = "95832e849adfb21180ccb6826a99da14e5d266ae5c2e668e1602cf234f153797"

[[package]]
name = "bytes"
version = "1.12.1"
source = "registry+https://github.com/rust-lang/crates.io-index"
checksum = "fc652a48c352aef3ea3aed32080501cf3ef6ed5da78602a020c991775b0aff04"

[[package]]
name = "cc"
version = "1.4.3"
source = "registry+https://github.com/rust-lang/crates.io-index"
checksum = "509591b7bcd67f4ef775afad7662703b4935daaa6ec0e5605cfb1090b32a2b6d"
dependencies = [
 "find-msvc-tools",
 "shlex",
]

[[package]]
name = "cfg-if"
version = "1.0.4"
source = "registry+https://github.com/rust-lang/crates.io-index"
checksum = "9330f8b2ff13f34540b44e946ef35111825727b38d33286ef986142615121801"

[[package]]
name = "combine"
version = "4.6.7"
source = "registry+https://github.com/rust-lang/crates.io-index"
checksum = "ba5a308b75df32fe02788e748662718f03fde005016435c444eea572398219fd"
dependencies = [
 "bytes",
 "memchr",
]

[[package]]
name = "const_fn"
version = "0.4.12"
source = "registry+https://github.com/rust-lang/crates.io-index"
checksum = "413d67b29ef1021b4d60f4aa1e925ca031751e213832b4b1d588fae623c05c60"

[[package]]
name = "convert_case"
version = "0.11.0"
source = "registry+https://github.com/rust-lang/crates.io-index"
checksum = "affbf0190ed2caf063e3def54ff444b449371d55c58e513a95ab98eca50adb49"
dependencies = [
 "unicode-segmentation",
]

[[package]]
name = "cpufeatures"
version = "0.3.0"
source = "registry+https://github.com/rust-lang/crates.io-index"
checksum = "8b2a41393f66f16b0823bb79094d54ac5fbd34ab292ddafb9a0456ac9f87d201"
dependencies = [
 "libc",
]

[[package]]
name = "crypto-common"
version = "0.2.2"
source = "registry+https://github.com/rust-lang/crates.io-index"
checksum = "ce6e4c961d6cd6c9a86db418387425e8bdeaf05b3c8bc1411e6dca4c252f1453"
dependencies = [
 "hybrid-array",
]

[[package]]
name = "dialect-amdgcn"
version = "0.1.0"
dependencies = [
 "fe2o3-amdgcn-model",
 "fe2o3-llvm-handoff",
]

[[package]]
name = "dialect-gpu"
version = "0.1.0"
dependencies = [
 "fe2o3-pliron",
 "pliron",
]

[[package]]
name = "dialect-kernel"
version = "0.1.0"
dependencies = [
 "fe2o3-pliron",
 "pliron",
]

[[package]]
name = "dialect-schedule"
version = "0.1.0"
dependencies = [
 "fe2o3-pliron",
 "pliron",
]

[[package]]
name = "dialect-tile"
version = "0.1.0"
dependencies = [
 "fe2o3-pliron",
 "pliron",
]

[[package]]
name = "digest"
version = "0.11.3"
source = "registry+https://github.com/rust-lang/crates.io-index"
checksum = "f1dd6dbb5841937940781866fa1281a1ff7bd3bf827091440879f9994983d5c2"
dependencies = [
 "block-buffer",
 "crypto-common",
]

[[package]]
name = "downcast-rs"
version = "2.0.2"
source = "registry+https://github.com/rust-lang/crates.io-index"
checksum = "117240f60069e65410b3ae1bb213295bd828f707b5bec6596a1afc8793ce0cbc"

[[package]]
name = "dyn-clone"
version = "1.0.20"
source = "registry+https://github.com/rust-lang/crates.io-index"
checksum = "d0881ea181b1df73ff77ffaaf9c7544ecc11e82fba9b5f27b262a3c73a332555"

[[package]]
name = "equivalent"
version = "1.0.2"
source = "registry+https://github.com/rust-lang/crates.io-index"
checksum = "877a4ace8713b0bcf2a4e7eec82529c029f1d0619886d18145fea96c3ffe5c0f"

[[package]]
name = "errno"
version = "0.3.14"
source = "registry+https://github.com/rust-lang/crates.io-index"
checksum = "39cab71617ae0d63f51a36d69f866391735b51691dbda63cf6f96d042b63efeb"
dependencies = [
 "libc",
 "windows-sys",
]

[[package]]
name = "fe2o3-amd-target"
version = "0.1.0"

[[package]]
name = "fe2o3-amdgcn-model"
version = "0.1.0"
dependencies = [
 "fe2o3-kernel-descriptor",
 "fe2o3-kernel-ir",
 "sha2",
]

[[package]]
name = "fe2o3-artifact-transaction"
version = "0.1.0"
dependencies = [
 "libc",
 "rustix",
 "sha2",
]

[[package]]
name = "fe2o3-artifacts"
version = "0.1.0"
dependencies = [
 "fe2o3-artifact-transaction",
 "sha2",
]

[[package]]
name = "fe2o3-compiler-api"
version = "0.1.0"

[[package]]
name = "fe2o3-compiler-driver"
version = "0.1.0"
dependencies = [
 "fe2o3-compiler-api",
 "fe2o3-kernel-ir",
 "sha2",
]

[[package]]
name = "fe2o3-compiler-ffi"
version = "0.1.0"
dependencies = [
 "fe2o3-kernel-descriptor",
 "reserved-fe2o3-symbols",
 "sha2",
]

[[package]]
name = "fe2o3-completion"
version = "0.1.0"
dependencies = [
 "sha2",
]

[[package]]
name = "fe2o3-contracts"
version = "0.1.0"

[[package]]
name = "fe2o3-core"
version = "0.1.0"
dependencies = [
 "fe2o3-amd-target",
 "fe2o3-completion",
 "fe2o3-hip-sys",
 "fe2o3-macros",
]

[[package]]
name = "fe2o3-device"
version = "0.1.0"
dependencies = [
 "fe2o3-macros",
]

[[package]]
name = "fe2o3-general-gemm-compiler"
version = "0.1.0"
dependencies = [
 "dialect-gpu",
 "dialect-kernel",
 "dialect-schedule",
 "dialect-tile",
 "fe2o3-compiler-api",
 "fe2o3-compiler-driver",
 "fe2o3-compiler-ffi",
 "fe2o3-kernel-descriptor",
 "fe2o3-kernel-ir",
 "fe2o3-llvm-handoff",
 "fe2o3-llvm-text",
 "fe2o3-llvm-worker-handoff",
 "fe2o3-pliron",
 "fe2o3-verifier",
 "pliron",
 "sha2",
]

[[package]]
name = "fe2o3-hip-sys"
version = "0.1.0"
dependencies = [
 "cc",
]

[[package]]
name = "fe2o3-host"
version = "0.1.0"
dependencies = [
 "fe2o3-amd-target",
 "fe2o3-artifact-transaction",
 "fe2o3-artifacts",
 "fe2o3-core",
 "fe2o3-device",
 "fe2o3-hsaco",
 "fe2o3-hsaco-finalize",
 "fe2o3-kernel-descriptor",
 "fe2o3-kernel-ir",
 "fe2o3-worker-v2-bundle",
 "libc",
 "reserved-fe2o3-symbols",
 "rustix",
 "sha2",
]

[[package]]
name = "fe2o3-hsaco"
version = "0.1.0"
dependencies = [
 "fe2o3-amd-target",
]

[[package]]
name = "fe2o3-hsaco-finalize"
version = "0.1.0"
dependencies = [
 "dialect-amdgcn",
 "fe2o3-artifact-transaction",
 "fe2o3-compiler-ffi",
 "fe2o3-general-gemm-compiler",
 "fe2o3-hsaco",
 "fe2o3-kernel-descriptor",
 "fe2o3-kernel-ir",
 "fe2o3-llvm-handoff",
 "fe2o3-llvm-text",
 "fe2o3-verifier",
 "object",
 "reserved-fe2o3-symbols",
 "rustix",
 "sha2",
]

[[package]]
name = "fe2o3-kernel-descriptor"
version = "0.1.0"
dependencies = [
 "fe2o3-amd-target",
 "sha2",
]

[[package]]
name = "fe2o3-kernel-ir"
version = "0.1.0"
dependencies = [
 "sha2",
]

[[package]]
name = "fe2o3-llvm-handoff"
version = "0.1.0"
dependencies = [
 "sha2",
]

[[package]]
name = "fe2o3-llvm-text"
version = "0.1.0"
dependencies = [
 "fe2o3-llvm-handoff",
 "sha2",
]

[[package]]
name = "fe2o3-llvm-worker-handoff"
version = "0.1.0"
dependencies = [
 "fe2o3-llvm-handoff",
 "sha2",
]

[[package]]
name = "fe2o3-macros"
version = "0.1.0"
dependencies = [
 "fe2o3-artifacts",
 "proc-macro-crate",
 "proc-macro2",
 "quote",
 "reserved-fe2o3-symbols",
 "syn 2.0.119",
]

[[package]]
name = "fe2o3-pliron"
version = "0.1.0"
dependencies = [
 "pliron",
]

[[package]]
name = "fe2o3-rustc-front"
version = "0.1.0"
dependencies = [
 "sha2",
]

[[package]]
name = "fe2o3-rustc-invocation"
version = "0.1.0"
dependencies = [
 "fe2o3-amd-target",
 "sha2",
]

[[package]]
name = "fe2o3-tiled-gemm-v1"
version = "0.1.0"
dependencies = [
 "fe2o3-amd-target",
 "fe2o3-compiler-api",
 "fe2o3-compiler-driver",
 "fe2o3-device",
 "fe2o3-host",
 "sha2",
 "syn 2.0.119",
]

[[package]]
name = "fe2o3-verifier"
version = "0.1.0"
dependencies = [
 "fe2o3-artifact-transaction",
 "fe2o3-artifacts",
 "fe2o3-contracts",
 "fe2o3-kernel-descriptor",
 "fe2o3-kernel-ir",
 "fe2o3-rustc-front",
 "proc-macro2",
 "rustix",
 "sha2",
 "syn 2.0.119",
 "toml",
]

[[package]]
name = "fe2o3-worker-v2-bundle"
version = "0.1.0"
dependencies = [
 "fe2o3-artifact-transaction",
 "fe2o3-artifacts",
 "fe2o3-hsaco-finalize",
 "fe2o3-kernel-descriptor",
 "fe2o3-rustc-invocation",
 "sha2",
]

[[package]]
name = "find-msvc-tools"
version = "0.1.11"
source = "registry+https://github.com/rust-lang/crates.io-index"
checksum = "d45db016d36b838f563236e9193d0ee6ce38f3f68b6c94e914b4929c96bbb890"

[[package]]
name = "foldhash"
version = "0.2.0"
source = "registry+https://github.com/rust-lang/crates.io-index"
checksum = "77ce24cb58228fbb8aa041425bb1050850ac19177686ea6e0f41a70416f56fdb"

[[package]]
name = "hashbrown"
version = "0.17.1"
source = "registry+https://github.com/rust-lang/crates.io-index"
checksum = "ed5909b6e89a2db4456e54cd5f673791d7eca6732202bbf2a9cc504fe2f9b84a"
dependencies = [
 "allocator-api2",
 "equivalent",
 "foldhash",
]

[[package]]
name = "hi_sparse_bitset"
version = "0.7.5"
source = "registry+https://github.com/rust-lang/crates.io-index"
checksum = "c8ea23b8660d31548406606b3d479883a93235d13dc112ffe33fb13aa681e876"
dependencies = [
 "rustversion",
 "wide",
]

[[package]]
name = "hybrid-array"
version = "0.4.14"
source = "registry+https://github.com/rust-lang/crates.io-index"
checksum = "707114b52a152fa7bdb290cd7cd5912d9467273b6d74e21b8d81aca1f8533f6b"
dependencies = [
 "typenum",
]

[[package]]
name = "indexmap"
version = "2.14.0"
source = "registry+https://github.com/rust-lang/crates.io-index"
checksum = "d466e9454f08e4a911e14806c24e16fba1b4c121d1ea474396f396069cf949d9"
dependencies = [
 "equivalent",
 "hashbrown",
]

[[package]]
name = "inventory"
version = "0.3.24"
source = "registry+https://github.com/rust-lang/crates.io-index"
checksum = "a4f0c30c76f2f4ccee3fe55a2435f691ca00c0e4bd87abe4f4a851b1d4dac39b"
dependencies = [
 "rustversion",
]

[[package]]
name = "libc"
version = "0.2.189"
source = "registry+https://github.com/rust-lang/crates.io-index"
checksum = "3eaf3ede3fee6db1a4c2ee091bf8a8b4dccdc6d17f656fb07896ee72867612f2"

[[package]]
name = "linkme"
version = "0.3.37"
source = "registry+https://github.com/rust-lang/crates.io-index"
checksum = "3045e122bd98aef8ec3ad58ce84f0791f64e70163d1a02710af4aa11a4d54cc5"
dependencies = [
 "linkme-impl",
]

[[package]]
name = "linkme-impl"
version = "0.3.37"
source = "registry+https://github.com/rust-lang/crates.io-index"
checksum = "77060ebe535362c3da75682cd17b0431017b6e7c5661e714fc69a7ad017d1301"
dependencies = [
 "proc-macro2",
 "quote",
 "syn 3.0.3",
]

[[package]]
name = "linux-raw-sys"
version = "0.12.1"
source = "registry+https://github.com/rust-lang/crates.io-index"
checksum = "32a66949e030da00e8c7d4434b251670a91556f4144941d37452769c25d58a53"

[[package]]
name = "lock_api"
version = "0.4.14"
source = "registry+https://github.com/rust-lang/crates.io-index"
checksum = "224399e74b87b5f3557511d98dff8b14089b3dadafcab6bb93eab67d3aace965"
dependencies = [
 "scopeguard",
]

[[package]]
name = "log"
version = "0.4.33"
source = "registry+https://github.com/rust-lang/crates.io-index"
checksum = "0ceec5bc11778974d1bcb055b18002eba7f4b3518b6a0081b3af5f21666da9ad"

[[package]]
name = "memchr"
version = "2.8.3"
source = "registry+https://github.com/rust-lang/crates.io-index"
checksum = "cf8baf1c55e62ffcace7a9f06f4bd9cd3f0c4beb022d3b367256b91b87513d98"

[[package]]
name = "object"
version = "0.39.1"
source = "registry+https://github.com/rust-lang/crates.io-index"
checksum = "2e5a6c098c7a3b6547378093f5cc30bc54fd361ce711e05293a5cc589562739b"
dependencies = [
 "memchr",
]

[[package]]
name = "once_vec"
version = "0.3.0"
source = "registry+https://github.com/rust-lang/crates.io-index"
checksum = "5a6298074a1742b584aaca148a6c61ecb27f0b55fdf237c235939c84924377a1"

[[package]]
name = "pliron"
version = "0.17.0"
source = "git+https://github.com/pliron-org/pliron.git?rev=2610651306ea3ba670f68d5d8b1e1159bcd521ed#2610651306ea3ba670f68d5d8b1e1159bcd521ed"
dependencies = [
 "awint",
 "combine",
 "downcast-rs",
 "dyn-clone",
 "hashbrown",
 "hi_sparse_bitset",
 "indexmap",
 "inventory",
 "linkme",
 "log",
 "once_vec",
 "pliron-derive",
 "regex",
 "rustc-hash",
 "rustc_apfloat",
 "slotmap",
 "smallvec",
 "spin",
 "thiserror",
 "utf8-chars",
]

[[package]]
name = "pliron-derive"
version = "0.17.0"
source = "git+https://github.com/pliron-org/pliron.git?rev=2610651306ea3ba670f68d5d8b1e1159bcd521ed#2610651306ea3ba670f68d5d8b1e1159bcd521ed"
dependencies = [
 "combine",
 "convert_case",
 "indexmap",
 "proc-macro2",
 "quote",
 "rustc-hash",
 "syn 3.0.3",
]

[[package]]
name = "proc-macro-crate"
version = "3.5.0"
source = "registry+https://github.com/rust-lang/crates.io-index"
checksum = "e67ba7e9b2b56446f1d419b1d807906278ffa1a658a8a5d8a39dcb1f5a78614f"
dependencies = [
 "toml_edit",
]

[[package]]
name = "proc-macro2"
version = "1.0.107"
source = "registry+https://github.com/rust-lang/crates.io-index"
checksum = "985e7ec9bb745e6ce6535b544d84d6cd6f7ad8bd711c398938ae983b91a766d9"
dependencies = [
 "unicode-ident",
]

[[package]]
name = "quote"
version = "1.0.47"
source = "registry+https://github.com/rust-lang/crates.io-index"
checksum = "1fbf4db142a473a8d80c26bbf18454ed458bf8d26c8219c331daecfdbd079001"
dependencies = [
 "proc-macro2",
]

[[package]]
name = "recasting"
version = "0.2.1"
source = "registry+https://github.com/rust-lang/crates.io-index"
checksum = "70aeee1a07922bfe7c79e148553dee262248d2493d9778eee7551b9b5d7cc651"

[[package]]
name = "regex"
version = "1.13.1"
source = "registry+https://github.com/rust-lang/crates.io-index"
checksum = "f020237b6c8eed93db2e2cb53c00c60a8e1bc73da7d073199a1180401450218d"
dependencies = [
 "aho-corasick",
 "memchr",
 "regex-automata",
 "regex-syntax",
]

[[package]]
name = "regex-automata"
version = "0.4.18"
source = "registry+https://github.com/rust-lang/crates.io-index"
checksum = "ad8553b9b26413251cbf30e620595c7a41b3887f03da04579c0e6b0d6a06b4b2"
dependencies = [
 "aho-corasick",
 "memchr",
 "regex-syntax",
]

[[package]]
name = "regex-syntax"
version = "0.8.11"
source = "registry+https://github.com/rust-lang/crates.io-index"
checksum = "d6f6ff9a378485b298a5286656da665ba74413d36db0979633275d2e708145d4"

[[package]]
name = "reserved-fe2o3-symbols"
version = "0.1.0"
dependencies = [
 "sha2",
]

[[package]]
name = "rustc-hash"
version = "2.1.3"
source = "registry+https://github.com/rust-lang/crates.io-index"
checksum = "6b1e7f9a428571be2dc5bc0505c13fb6bf936822b894ec87abf8a08a4e51742d"

[[package]]
name = "rustc_apfloat"
version = "0.2.3+llvm-462a31f5a5ab"
source = "registry+https://github.com/rust-lang/crates.io-index"
checksum = "486c2179b4796f65bfe2ee33679acf0927ac83ecf583ad6c91c3b4570911b9ad"
dependencies = [
 "bitflags",
 "smallvec",
]

[[package]]
name = "rustix"
version = "1.1.4"
source = "registry+https://github.com/rust-lang/crates.io-index"
checksum = "b6fe4565b9518b83ef4f91bb47ce29620ca828bd32cb7e408f0062e9930ba190"
dependencies = [
 "bitflags",
 "errno",
 "libc",
 "linux-raw-sys",
 "windows-sys",
]

[[package]]
name = "rustversion"
version = "1.0.23"
source = "registry+https://github.com/rust-lang/crates.io-index"
checksum = "cf54715a573b99ac80df0bc206da022bcd442c974952c7b9720069370852e21f"

[[package]]
name = "safe_arch"
version = "0.7.4"
source = "registry+https://github.com/rust-lang/crates.io-index"
checksum = "96b02de82ddbe1b636e6170c21be622223aea188ef2e139be0a5b219ec215323"
dependencies = [
 "bytemuck",
]

[[package]]
name = "scopeguard"
version = "1.2.0"
source = "registry+https://github.com/rust-lang/crates.io-index"
checksum = "94143f37725109f92c262ed2cf5e59bce7498c01bcc1502d7b9afe439a4e9f49"

[[package]]
name = "serde_core"
version = "1.0.229"
source = "registry+https://github.com/rust-lang/crates.io-index"
checksum = "67dca2c9c51e58a4791a4b1ed58308b39c64224d349a935ab5039aa360942a48"
dependencies = [
 "serde_derive",
]

[[package]]
name = "serde_derive"
version = "1.0.229"
source = "registry+https://github.com/rust-lang/crates.io-index"
checksum = "e7a5d71263a5a7d47b41f6b3f06ba276f10cc18b0931f1799f710578e2309348"
dependencies = [
 "proc-macro2",
 "quote",
 "syn 3.0.3",
]

[[package]]
name = "serde_spanned"
version = "1.1.1"
source = "registry+https://github.com/rust-lang/crates.io-index"
checksum = "6662b5879511e06e8999a8a235d848113e942c9124f211511b16466ee2995f26"
dependencies = [
 "serde_core",
]

[[package]]
name = "sha2"
version = "0.11.0"
source = "registry+https://github.com/rust-lang/crates.io-index"
checksum = "446ba717509524cb3f22f17ecc096f10f4822d76ab5c0b9822c5f9c284e825f4"
dependencies = [
 "cfg-if",
 "cpufeatures",
 "digest",
]

[[package]]
name = "shlex"
version = "2.0.1"
source = "registry+https://github.com/rust-lang/crates.io-index"
checksum = "f8fadd59c855ef2080decdef8ff161eb6661b86933c9d82e5ba29dc602a55aba"

[[package]]
name = "slotmap"
version = "1.1.1"
source = "registry+https://github.com/rust-lang/crates.io-index"
checksum = "bdd58c3c93c3d278ca835519292445cb4b0d4dc59ccfdf7ceadaab3f8aeb4038"
dependencies = [
 "version_check",
]

[[package]]
name = "smallvec"
version = "1.15.2"
source = "registry+https://github.com/rust-lang/crates.io-index"
checksum = "8ed6a63f02c8539c91a8685a86f4099661ba3da017932f6ebbea6de3f0fa7c90"

[[package]]
name = "spin"
version = "0.12.3"
source = "registry+https://github.com/rust-lang/crates.io-index"
checksum = "0134f9043ed38b087ac4f7d4af44c79e2c9e5094421fe3164f435ce585953b10"
dependencies = [
 "lock_api",
]

[[package]]
name = "syn"
version = "2.0.119"
source = "registry+https://github.com/rust-lang/crates.io-index"
checksum = "872831b642d1a07999a962a351ed35b955ea2cfc8f3862091e2a240a84f17297"
dependencies = [
 "proc-macro2",
 "quote",
 "unicode-ident",
]

[[package]]
name = "syn"
version = "3.0.3"
source = "registry+https://github.com/rust-lang/crates.io-index"
checksum = "53e9bae58849f64dfa4f5d5ae372c8341f7305f82a3868709269343628b659a3"
dependencies = [
 "proc-macro2",
 "quote",
 "unicode-ident",
]

[[package]]
name = "thiserror"
version = "2.0.20"
source = "registry+https://github.com/rust-lang/crates.io-index"
checksum = "ec86235f5fcc2a73650310756d2ac5b138a5780bbbdfae3eeccec992c435ba4f"
dependencies = [
 "thiserror-impl",
]

[[package]]
name = "thiserror-impl"
version = "2.0.20"
source = "registry+https://github.com/rust-lang/crates.io-index"
checksum = "bc04cd3e1236dd4a98afca4569f2deb3f120e5422a4023be2cb683f8486292af"
dependencies = [
 "proc-macro2",
 "quote",
 "syn 3.0.3",
]

[[package]]
name = "toml"
version = "1.1.4+spec-1.1.0"
source = "registry+https://github.com/rust-lang/crates.io-index"
checksum = "3aace63f4bbcdfc2c965b059de67119c89c4017a70d633be6c104910f67056f5"
dependencies = [
 "indexmap",
 "serde_core",
 "serde_spanned",
 "toml_datetime",
 "toml_parser",
 "toml_writer",
 "winnow",
]

[[package]]
name = "toml_datetime"
version = "1.1.1+spec-1.1.0"
source = "registry+https://github.com/rust-lang/crates.io-index"
checksum = "3165f65f62e28e0115a00b2ebdd37eb6f3b641855f9d636d3cd4103767159ad7"
dependencies = [
 "serde_core",
]

[[package]]
name = "toml_edit"
version = "0.25.13+spec-1.1.0"
source = "registry+https://github.com/rust-lang/crates.io-index"
checksum = "6975367e4d2ef766d86af01ffad14b622fecc8d4357a998fbc4deb6e9bacaf9b"
dependencies = [
 "indexmap",
 "toml_datetime",
 "toml_parser",
 "winnow",
]

[[package]]
name = "toml_parser"
version = "1.1.3+spec-1.1.0"
source = "registry+https://github.com/rust-lang/crates.io-index"
checksum = "1d38ac1cf9b95face32296c0a3ede1fdc270627c9d9c02a7274dd6d960dc4d56"
dependencies = [
 "winnow",
]

[[package]]
name = "toml_writer"
version = "1.1.2+spec-1.1.0"
source = "registry+https://github.com/rust-lang/crates.io-index"
checksum = "7d56353a2a665ad0f41a421187180aab746c8c325620617ad883a99a1cbe66d2"

[[package]]
name = "triple_arena"
version = "0.14.0"
source = "registry+https://github.com/rust-lang/crates.io-index"
checksum = "3a99051ec05383f70bcab71884d39083a455257795e71cb780048a4bc890f3b8"
dependencies = [
 "recasting",
]

[[package]]
name = "typenum"
version = "1.20.1"
source = "registry+https://github.com/rust-lang/crates.io-index"
checksum = "b6f5e870be6c3b371b77fe0ee0bafb859fa4964b4404c27de1d380043c4dda20"

[[package]]
name = "unicode-ident"
version = "1.0.24"
source = "registry+https://github.com/rust-lang/crates.io-index"
checksum = "e6e4313cd5fcd3dad5cafa179702e2b244f760991f45397d14d4ebf38247da75"

[[package]]
name = "unicode-segmentation"
version = "1.13.3"
source = "registry+https://github.com/rust-lang/crates.io-index"
checksum = "c6f5d3c3b1bf09027a88a6bc961fc00497d651009560b5463668dc81b0fa87a8"

[[package]]
name = "utf8-chars"
version = "3.0.7"
source = "registry+https://github.com/rust-lang/crates.io-index"
checksum = "92498c67ea3511b37eccff13b573ed871faf0ce9c4056ab032bd01a681f445a0"
dependencies = [
 "arrayvec",
]

[[package]]
name = "version_check"
version = "0.9.5"
source = "registry+https://github.com/rust-lang/crates.io-index"
checksum = "0b928f33d975fc6ad9f86c8f283853ad26bdd5b10b7f1542aa2fa15e2289105a"

[[package]]
name = "wide"
version = "0.7.33"
source = "registry+https://github.com/rust-lang/crates.io-index"
checksum = "0ce5da8ecb62bcd8ec8b7ea19f69a51275e91299be594ea5cc6ef7819e16cd03"
dependencies = [
 "bytemuck",
 "safe_arch",
]

[[package]]
name = "windows-link"
version = "0.2.1"
source = "registry+https://github.com/rust-lang/crates.io-index"
checksum = "f0805222e57f7521d6a62e36fa9163bc891acd422f971defe97d64e70d0a4fe5"

[[package]]
name = "windows-sys"
version = "0.61.2"
source = "registry+https://github.com/rust-lang/crates.io-index"
checksum = "ae137229bcbd6cdf0f7b80a31df61766145077ddf49416a728b02cb3921ff3fc"
dependencies = [
 "windows-link",
]

[[package]]
name = "winnow"
version = "1.0.4"
source = "registry+https://github.com/rust-lang/crates.io-index"
checksum = "23b97319f7b8343df12cc98938e5c3eb436064524c8d2b4e30a1d3a36eecdf81"
dependencies = [
 "memchr",
]
