fe2o3-compiler-execution-qualification-base-packages-v1
distribution	ubuntu
distribution_version	24.04
architecture	amd64
package_count	71
package	adduser	3.137ubuntu1	all	542aff2395eb912a56833e11a78076342779689d8fede7adcf08d1d6b0d0cd8b
package	base-files	13ubuntu10.4	amd64	94daf9ede91f6263d676611623d4c9edab695c728a584ab2fb1d11cabb8479e8
package	base-passwd	3.6.3build1	amd64	8514590aa2d82aa32d6beb32525f1e4577949f625eee1990b4b7b71b5ef26679
package	bash	5.2.21-2ubuntu4	amd64	73de311a21e094e29ac01527d2b52226cc87fde0a5b57032902251b426d92c66
package	coreutils	9.4-3ubuntu6.2	amd64	d623abbb182acfead9d6352252e687674b6e5b3b79d42aa1324b08a3a6e1131b
package	dbus-broker	35-2ubuntu0.1	amd64	1ff0c0a99b3f98dcdd9d88264740bdab4f3a1362ffe2e5ce42cfeb480fb80994
package	dbus-system-bus-common	1.14.10-4ubuntu4.1	all	4db2e3e18c6abee1a1d1e2f91289e229dd862e6e1ef00463c5533c612c4f1809
package	debconf	1.5.86ubuntu1	all	bb390da466a7461bfc87aa3e6b7cd145dae84af3e26bf437f2c0c218ba226294
package	debianutils	5.17build1	amd64	1047a9a57018e18531f76e5b00e226a68554b6f1d147f2a5c1b32518c7b20636
package	gcc-14-base	14.2.0-4ubuntu2~24.04.1	amd64	b95c172411a7fdae70307cf33a9f5320ba5e056b556454543dd5b679d5ce1c4f
package	init-system-helpers	1.66ubuntu1	all	8eb801f9ce084dab9bf4cbc3ec0ee5ac75516a4cc1f25e3f92298c632e75b700
package	libacl1	2.3.2-1build1.1	amd64	f2bfd3f8f00413d5f1f04fc723063803c56ac0f1e0efae3bc41f2d7276972ec3
package	libapparmor1	4.0.1really4.0.1-0ubuntu0.24.04.7	amd64	4205351c37f4e813f1ca81b6d59a00071f0f70869e652f4ab9e5ba7e5e895d34
package	libargon2-1	0~20190702+dfsg-4build1	amd64	e2c50cb5c50ca598585397f4d4ce43e6f0b5e3ddc212c23b30bdb34ca4a61f66
package	libattr1	1:2.5.2-1build1.1	amd64	d880fdb65dec669fcc4c5b34c5cbfee6c014ec4bdf6430ecdc7f10efffb28b2e
package	libaudit-common	1:3.1.2-2.1build1.1	all	c8ab5bed96f9781daab7c36fcbe4b12c3f3247a37256c0e341dc827db1e9a010
package	libaudit1	1:3.1.2-2.1build1.1	amd64	408457f91745dd33746d24d063986df96a81166d6a59431583073398cefa1301
package	libblkid1	2.39.3-9ubuntu6.5	amd64	2307a9ed92642a69de0284ac63e233e45ac5a2c3831f04399f7d212379487e82
package	libbz2-1.0	1.0.8-5.1build0.1	amd64	d557ab12b42ab370249142099fae3cbb979948934e4dfa58c2ab59bf5bbbda73
package	libc6	2.39-0ubuntu8.8	amd64	3b8d5391b6b484a4c81fd000b6064885ad967ec3cb966bc57603f3fb3ebf0ed5
package	libcap-ng0	0.8.4-2build2	amd64	cf1e9437ac7ddf6539dbe87b68858cbdef84d78c6aac243ab3b6e564a52ed930
package	libcap2	1:2.66-5ubuntu2.4	amd64	23c627c77c66552a658e62852f244f4946dc543898e0ec5428d5dc6bffde2d6a
package	libcrypt1	1:4.4.36-4build1	amd64	9474785cd6f398512bf8c305c3901dbb111569dccb6f5832002373c0a8ac5832
package	libcryptsetup12	2:2.7.0-1ubuntu4.2	amd64	f6f6a7f35104da711997b52c92ab91ce1f47dd039d276d5beb797d713447c9f2
package	libdb5.3t64	5.3.28+dfsg2-7	amd64	a78a25c8fad8fdd0b7bc6b297da5d5685579be1e57732aa47870830e4a13161e
package	libdebconfclient0	0.271ubuntu3	amd64	0a07d284ca6e2ee18208b3bf9ddc19da803d96db8230cdf26d16ac3aae5b7893
package	libdebian-installer4	0.124ubuntu2	amd64	d074c2eea6bc6a17ecfeaaf7501b99e3443eb962ff0c00a1ec30c42bd73ce25f
package	libdevmapper1.02.1	2:1.02.185-3ubuntu3.2	amd64	0d43a02b9030a50edbc49c9580f88f01eef2b043baad1c6200672c39643c0efe
package	libexpat1	2.6.1-2ubuntu0.4	amd64	126a5612e652bdc2edee19ae8fe4308db72b5b3b0a5581bf885b44a093baf3e5
package	libfdisk1	2.39.3-9ubuntu6.5	amd64	a67f2ed8b8a0323ab3c1e33a8caf81b9bf8ceb1d3586ec5600f40e1406c48f6a
package	libgcc-s1	14.2.0-4ubuntu2~24.04.1	amd64	aa7fadbe33b78bcf99885318040601c550c208929565b179891d9a3cc2aa68cd
package	libgcrypt20	1.10.3-2ubuntu0.1	amd64	69569eb6b4ab1de6dad556d06cabb236b9a8b07145edf18197256a0dedfaabc9
package	libgmp10	2:6.3.0+dfsg-2ubuntu6.1	amd64	285f8a505dfa8e1b33f357a9d8d3477ad35bf18c0b34771a6df4c25923f3ae0d
package	libgpg-error0	1.47-3build2.1	amd64	93654ee8180a73a0363f25c51dc673d67cbabcbecd164187b8a2deb54d007aef
package	libjson-c5	0.17-1build1	amd64	3ac608d78e9e981e14ba7ceb141a46e3dd3ae8d6dbb3a7ecafd2698fe9930584
package	libkmod2	31+20240202-2ubuntu7.2	amd64	a9cbdc424bc0a5c8af3d6445488a48de76df5ff4d76b7dab8aaf88f712358bbc
package	liblz4-1	1.9.4-1build1.1	amd64	319331270d5cc52d5ebffe51c941d7b01b432bc402c2924b557209a64d4ecbad
package	liblzma5	5.6.1+really5.4.5-1ubuntu0.3	amd64	d2eabd41ca77d2c2dd9d5d4ef478cccb64ffde6279c47cf4699a857d46785a52
package	libmount1	2.39.3-9ubuntu6.5	amd64	7ca31424fbfc96fbf245e6fe232fd2d2ec74169ca1add968e1987bece5bc0d1f
package	libmpfr6	4.2.1-1build1.1	amd64	aebc1c8b69a1f98bb43dfc268daecd181116dbf40b13ee4e822eb4bdd52b493a
package	libnewt0.52	0.52.24-2ubuntu2	amd64	1b55b7bb5a89bab48a643e0eae1e7468d21826d654eb32b393d20c97868087f7
package	libnss-systemd	255.4-1ubuntu8.17	amd64	19379b984aa26e95b592068f37e5259a2f44fd985273157f161f6b31077ce787
package	libpam-modules	1.5.3-5ubuntu5.7	amd64	c8e86ef52e3a743dc67d90f4c6654f7f529deafa6a523fe9076e809785aeea18
package	libpam-modules-bin	1.5.3-5ubuntu5.7	amd64	e6753b038042cd007843cbc79a81e732d82d0d2415bcf78ff2120c50b5e54f82
package	libpam0g	1.5.3-5ubuntu5.7	amd64	1d7f54e77f0455ab5e607cd5e78b576801d8efdc66115e02cf3c6e708d093667
package	libpcre2-8-0	10.42-4ubuntu2.1	amd64	110a797a57673d3ee497a141cf988199258058c57525799c63194d81822529a0
package	libreadline8t64	8.2-4build1	amd64	563977a16df03b611f5239cc1e9a0426e86479fcc616b5c9e200ea32063119e5
package	libseccomp2	2.5.5-1ubuntu3.1	amd64	33fc96f1e008d27c042a3db9bcd16f7f4d49e866f7a3141b758a799328dbdc3f
package	libselinux1	3.5-2ubuntu2.1	amd64	6abaa6c26f46ef17764c4a753e0e84de1cdadde5634fd2987621fdc617988d19
package	libsemanage-common	3.5-1build5	all	e10cd93f0b6941566de04b860b723df57ca3fe4a9255a73b2be0d1dc7df2850e
package	libsemanage2	3.5-1build5	amd64	56102dcbd410416d03c5ffb80958f54ac63936f4d9eb3f6a98964e680a82ce37
package	libsepol2	3.5-2build1	amd64	47272bab0c2fcc350431f9a8ae63afc49ce6d7e71e63c914639fbda6b1ca9f6a
package	libsigsegv2	2.14-1ubuntu2	amd64	889f338bea4ebfd999939d946da4ac0a45668264a5aae78e023feeb0529505b8
package	libslang2	2.3.3-3build2	amd64	352deab8d4dcb023ecffc766088d9c5420c36a3bef9ef5b1c9b173d1c3c88bd7
package	libsmartcols1	2.39.3-9ubuntu6.5	amd64	c0ab7426300c645ac84d195134143866bd0d6bd33831df3d63d5ab29994984ca
package	libssl3t64	3.0.13-0ubuntu3.15	amd64	3d0955bc049bbcca0f4c3e78a3a8b994593d96db7d84f4320217224433844534
package	libsystemd-shared	255.4-1ubuntu8.17	amd64	8722a69d99c1a7e6f72c5389e9c6d8053d95d2f5f4fede5dc83118f735812518
package	libsystemd0	255.4-1ubuntu8.17	amd64	4776d2ac7e21efe2ae31f3f7955a7ccd97277225eecf36910a26faf4544979ae
package	libtextwrap1	0.1-17build1	amd64	1a0a3a8928b85dae9aaa61fddfa30a025fc3c81bea1d4d43374565ad8476e6b6
package	libtinfo6	6.4+20240113-1ubuntu2.1	amd64	768e43c268e1e49b8dae7a50ed4778d6db88688abf72fdf779641e124c8a9a0b
package	libudev1	255.4-1ubuntu8.17	amd64	6efea3770f738db2fd43ebdaed3d91ef0cde8aa8387b4803080af473326ebdb0
package	libuuid1	2.39.3-9ubuntu6.5	amd64	2f801582b5f0e7cb0c2d3d3651193e69f4540ee3b7dcb6079a3562f0880b9edf
package	libzstd1	1.5.5+dfsg2-2build1.1	amd64	dfcf25061e07aad7efd3f4f880ba5ad4d4d09ebe7fc8cc77ab6b8a161d6d4727
package	mount	2.39.3-9ubuntu6.5	amd64	84d1eeed7c94f51165c1fe9e19aa6bafdc0629d35337efd92827c260c2a7be02
package	passwd	1:4.13+dfsg1-4ubuntu3.2	amd64	139b51228c8065eefa3051f649d8480eb986f1cf629448e49d2eaf9813318412
package	readline-common	8.2-4build1	all	879bfd7f8a9bc4c0f7cdc777cdd8bc6de5f8c4a2ac80c060322a1b22f13504bb
package	systemd	255.4-1ubuntu8.17	amd64	250345b73e42a97ee71cae7c1e470897dfad3c639eb0a7aafe4f9a3a29871cb2
package	systemd-dev	255.4-1ubuntu8.17	all	70b863bd1188f49a3ba0ccde5355abd6611a8a5dcd8b92addf25c8036f22556d
package	systemd-sysv	255.4-1ubuntu8.17	amd64	000c90facb7f0f33a3c771ac8cf58221f80239184fb9e24fe78086ffea6e2cf9
package	util-linux	2.39.3-9ubuntu6.5	amd64	cae0b213f10847576c3315fa02c89dcc7a70db88bffbd36e3f3b42e76a4eb62f
package	zlib1g	1:1.3.dfsg-3.1ubuntu2.1	amd64	7074b6a2f6367a10d280c00a1cb02e74277709180bab4f2491a2f355ab2d6c20
