# This file is automatically @generated by Cargo.
# It is not intended for manual editing.
version = 4

[[package]]
name = "fe2o3-device"
version = "900.0.0"

[[package]]
name = "fe2o3-device"
version = "901.0.0"

[[package]]
name = "fe2o3-device"
version = "902.0.0"

[[package]]
name = "matrix-provider-impostor-exact"
version = "0.0.0"
dependencies = [
 "fe2o3-device 900.0.0",
]

[[package]]
name = "matrix-provider-impostor-fnabi"
version = "0.0.0"
dependencies = [
 "fe2o3-device 902.0.0",
]

[[package]]
name = "matrix-provider-impostor-layout"
version = "0.0.0"
dependencies = [
 "fe2o3-device 901.0.0",
]
